
Microsoft Visual Studio Solution File, Format Version 12.00
# Visual Studio Version 17
VisualStudioVersion = 17.3.32929.385
MinimumVisualStudioVersion = 10.0.40219.1
Project("{9A19103F-16F7-4668-BE54-9A1E7A4F7556}") = "ReservationCase", "ReservationCase\ReservationCase.csproj", "{7691096E-E314-44BB-B99D-D88806E6A1A3}"
EndProject
Project("{FAE04EC0-301F-11D3-BF4B-00C04F79EFBC}") = "Business", "Business\Business.csproj", "{24CCA52B-3326-45AF-91B6-0292C4AE3515}"
EndProject
Project("{FAE04EC0-301F-11D3-BF4B-00C04F79EFBC}") = "Entities", "Entities\Entities.csproj", "{5FEB7390-C460-4562-95BA-6E23E415DE99}"
EndProject
Global
	GlobalSection(SolutionConfigurationPlatforms) = preSolution
		Debug|Any CPU = Debug|Any CPU
		Release|Any CPU = Release|Any CPU
	EndGlobalSection
	GlobalSection(ProjectConfigurationPlatforms) = postSolution
		{7691096E-E314-44BB-B99D-D88806E6A1A3}.Debug|Any CPU.ActiveCfg = Debug|Any CPU
		{7691096E-E314-44BB-B99D-D88806E6A1A3}.Debug|Any CPU.Build.0 = Debug|Any CPU
		{7691096E-E314-44BB-B99D-D88806E6A1A3}.Release|Any CPU.ActiveCfg = Release|Any CPU
		{7691096E-E314-44BB-B99D-D88806E6A1A3}.Release|Any CPU.Build.0 = Release|Any CPU
		{24CCA52B-3326-45AF-91B6-0292C4AE3515}.Debug|Any CPU.ActiveCfg = Debug|Any CPU
		{24CCA52B-3326-45AF-91B6-0292C4AE3515}.Debug|Any CPU.Build.0 = Debug|Any CPU
		{24CCA52B-3326-45AF-91B6-0292C4AE3515}.Release|Any CPU.ActiveCfg = Release|Any CPU
		{24CCA52B-3326-45AF-91B6-0292C4AE3515}.Release|Any CPU.Build.0 = Release|Any CPU
		{5FEB7390-C460-4562-95BA-6E23E415DE99}.Debug|Any CPU.ActiveCfg = Debug|Any CPU
		{5FEB7390-C460-4562-95BA-6E23E415DE99}.Debug|Any CPU.Build.0 = Debug|Any CPU
		{5FEB7390-C460-4562-95BA-6E23E415DE99}.Release|Any CPU.ActiveCfg = Release|Any CPU
		{5FEB7390-C460-4562-95BA-6E23E415DE99}.Release|Any CPU.Build.0 = Release|Any CPU
	EndGlobalSection
	GlobalSection(SolutionProperties) = preSolution
		HideSolutionNode = FALSE
	EndGlobalSection
	GlobalSection(ExtensibilityGlobals) = postSolution
		SolutionGuid = {1895327C-5876-46BF-9668-DFDF30CD800D}
	EndGlobalSection
EndGlobal
